{
  "object": {
    "pins": [
      {
        "package": "SDL",
        "repositoryURL": "https://github.com/UnGast/SDL.git",
        "state": {
          "branch": "master",
          "revision": "1a8d51188e4204609915151bd34316ec3cab198b",
          "version": null
        }
      },
      {
        "package": "GL",
        "repositoryURL": "https://github.com/kelvin13/swift-opengl.git",
        "state": {
          "branch": "master",
          "revision": "aa8ed1bee08b87c5e200f7b42d12e491542b45dd",
          "version": null
        }
      }
    ]
  },
  "version": 1
}
