{
  "object": {
    "pins": [
      {
        "package": "CSDL2",
        "repositoryURL": "https://github.com/UnGast/CSDL2",
        "state": {
          "branch": "master",
          "revision": "4721763511cd8b8aee0612790df579cf5b163148",
          "version": null
        }
      },
      {
        "package": "GL",
        "repositoryURL": "https://github.com/kelvin13/swift-opengl.git",
        "state": {
          "branch": "master",
          "revision": "aa8ed1bee08b87c5e200f7b42d12e491542b45dd",
          "version": null
        }
      }
    ]
  },
  "version": 1
}
